Microsoft Visual Studio Solution File, Format Version 11.00
# Visual Studio 2008

Project("{7ECD7540-DCAE-4D37-8B80-3783DE8826B2}") = "Running Game_Final", "Assembly-CSharp-firstpass-vs.csproj", "{E1CEA21E-37DA-F266-0983-E7E7FE1FC1EB}"
EndProject
Project("{7ECD7540-DCAE-4D37-8B80-3783DE8826B2}") = "Running Game_Final", "Assembly-CSharp-vs.csproj", "{F124B90F-9F38-5D75-AC8F-B979A1314C78}"
EndProject
Project("{7ECD7540-DCAE-4D37-8B80-3783DE8826B2}") = "Running Game_Final", "Assembly-CSharp-Editor-vs.csproj", "{E3A019EE-5F25-1372-81BB-FFAE534509D0}"
EndProject
Global
	GlobalSection(SolutionConfigurationPlatforms) = preSolution
		Debug|Any CPU = Debug|Any CPU
		Release|Any CPU = Release|Any CPU
	EndGlobalSection
	GlobalSection(ProjectConfigurationPlatforms) = postSolution
		{E1CEA21E-37DA-F266-0983-E7E7FE1FC1EB}.Debug|Any CPU.ActiveCfg = Debug|Any CPU
		{E1CEA21E-37DA-F266-0983-E7E7FE1FC1EB}.Debug|Any CPU.Build.0 = Debug|Any CPU
		{E1CEA21E-37DA-F266-0983-E7E7FE1FC1EB}.Release|Any CPU.ActiveCfg = Release|Any CPU
		{E1CEA21E-37DA-F266-0983-E7E7FE1FC1EB}.Release|Any CPU.Build.0 = Release|Any CPU
		{F124B90F-9F38-5D75-AC8F-B979A1314C78}.Debug|Any CPU.ActiveCfg = Debug|Any CPU
		{F124B90F-9F38-5D75-AC8F-B979A1314C78}.Debug|Any CPU.Build.0 = Debug|Any CPU
		{F124B90F-9F38-5D75-AC8F-B979A1314C78}.Release|Any CPU.ActiveCfg = Release|Any CPU
		{F124B90F-9F38-5D75-AC8F-B979A1314C78}.Release|Any CPU.Build.0 = Release|Any CPU
		{E3A019EE-5F25-1372-81BB-FFAE534509D0}.Debug|Any CPU.ActiveCfg = Debug|Any CPU
		{E3A019EE-5F25-1372-81BB-FFAE534509D0}.Debug|Any CPU.Build.0 = Debug|Any CPU
		{E3A019EE-5F25-1372-81BB-FFAE534509D0}.Release|Any CPU.ActiveCfg = Release|Any CPU
		{E3A019EE-5F25-1372-81BB-FFAE534509D0}.Release|Any CPU.Build.0 = Release|Any CPU
	EndGlobalSection
	GlobalSection(SolutionProperties) = preSolution
		HideSolutionNode = FALSE
	EndGlobalSection
		GlobalSection(MonoDevelopProperties) = preSolution
		StartupItem = Assembly-CSharp.csproj
		Policies = $0
		$0.TextStylePolicy = $1
		$1.inheritsSet = null
		$1.scope = text/x-csharp
		$0.CSharpFormattingPolicy = $2
		$2.inheritsSet = Mono
		$2.inheritsScope = text/x-csharp
		$2.scope = text/x-csharp
		$0.TextStylePolicy = $3
		$3.FileWidth = 120
		$3.TabWidth = 4
		$3.EolMarker = Unix
		$3.inheritsSet = Mono
		$3.inheritsScope = text/plain
		$3.scope = text/plain
	EndGlobalSection

EndGlobal
